
Microsoft Visual Studio Solution File, Format Version 12.00
# Visual Studio Version 17
VisualStudioVersion = 17.2.32602.215
MinimumVisualStudioVersion = 10.0.40219.1
Project("{9A19103F-16F7-4668-BE54-9A1E7A4F7556}") = "Enderlook.Pools", "Enderlook.Pools\Enderlook.Pools.csproj", "{23F65279-41FE-475A-B71B-F4F4817C8DAF}"
EndProject
Project("{FAE04EC0-301F-11D3-BF4B-00C04F79EFBC}") = "ConsoleApp1", "ConsoleApp1\ConsoleApp1.csproj", "{1FBB4C19-E882-4483-ACB9-31A0A5ED214C}"
EndProject
Global
	GlobalSection(SolutionConfigurationPlatforms) = preSolution
		Debug|Any CPU = Debug|Any CPU
		Release|Any CPU = Release|Any CPU
	EndGlobalSection
	GlobalSection(ProjectConfigurationPlatforms) = postSolution
		{23F65279-41FE-475A-B71B-F4F4817C8DAF}.Debug|Any CPU.ActiveCfg = Debug|Any CPU
		{23F65279-41FE-475A-B71B-F4F4817C8DAF}.Debug|Any CPU.Build.0 = Debug|Any CPU
		{23F65279-41FE-475A-B71B-F4F4817C8DAF}.Release|Any CPU.ActiveCfg = Release|Any CPU
		{23F65279-41FE-475A-B71B-F4F4817C8DAF}.Release|Any CPU.Build.0 = Release|Any CPU
		{1FBB4C19-E882-4483-ACB9-31A0A5ED214C}.Debug|Any CPU.ActiveCfg = Debug|Any CPU
		{1FBB4C19-E882-4483-ACB9-31A0A5ED214C}.Debug|Any CPU.Build.0 = Debug|Any CPU
		{1FBB4C19-E882-4483-ACB9-31A0A5ED214C}.Release|Any CPU.ActiveCfg = Release|Any CPU
		{1FBB4C19-E882-4483-ACB9-31A0A5ED214C}.Release|Any CPU.Build.0 = Release|Any CPU
	EndGlobalSection
	GlobalSection(SolutionProperties) = preSolution
		HideSolutionNode = FALSE
	EndGlobalSection
	GlobalSection(ExtensibilityGlobals) = postSolution
		SolutionGuid = {9D6637E5-BE56-4BE9-A652-6095FCF8FACB}
	EndGlobalSection
EndGlobal
